Microsoft Visual Studio Solution File, Format Version 12.00
# Visual Studio 14
Project("{8BC9CEB8-8B4A-11D0-8D11-00A0C91BC942}") = "ALL_BUILD", "ALL_BUILD.vcxproj", "{BF18AF3D-FCAD-36E0-8A9B-A2BE77C33C33}"
	ProjectSection(ProjectDependencies) = postProject
		{47C38907-F248-35EA-9BE4-9DE585802975} = {47C38907-F248-35EA-9BE4-9DE585802975}
		{1F9AD52C-A6C3-3649-8DA1-2B09FEFBE909} = {1F9AD52C-A6C3-3649-8DA1-2B09FEFBE909}
		{9E796527-05AE-3E4A-8EF8-079FEA952F14} = {9E796527-05AE-3E4A-8EF8-079FEA952F14}
		{6717EAA3-DECA-3F02-B4DD-EC8CA3557782} = {6717EAA3-DECA-3F02-B4DD-EC8CA3557782}
		{3F488534-92D9-38C5-B09A-6A91168E029B} = {3F488534-92D9-38C5-B09A-6A91168E029B}
		{2ACB366C-AF0C-3B8F-A578-A5839C404E70} = {2ACB366C-AF0C-3B8F-A578-A5839C404E70}
	EndProjectSection
EndProject
Project("{8BC9CEB8-8B4A-11D0-8D11-00A0C91BC942}") = "ZERO_CHECK", "ZERO_CHECK.vcxproj", "{47C38907-F248-35EA-9BE4-9DE585802975}"
	ProjectSection(ProjectDependencies) = postProject
	EndProjectSection
EndProject
Project("{8BC9CEB8-8B4A-11D0-8D11-00A0C91BC942}") = "cef_gtest", "tests\gtest\cef_gtest.vcxproj", "{1F9AD52C-A6C3-3649-8DA1-2B09FEFBE909}"
	ProjectSection(ProjectDependencies) = postProject
		{47C38907-F248-35EA-9BE4-9DE585802975} = {47C38907-F248-35EA-9BE4-9DE585802975}
	EndProjectSection
EndProject
Project("{8BC9CEB8-8B4A-11D0-8D11-00A0C91BC942}") = "cefclient", "tests\cefclient\cefclient.vcxproj", "{9E796527-05AE-3E4A-8EF8-079FEA952F14}"
	ProjectSection(ProjectDependencies) = postProject
		{47C38907-F248-35EA-9BE4-9DE585802975} = {47C38907-F248-35EA-9BE4-9DE585802975}
		{2ACB366C-AF0C-3B8F-A578-A5839C404E70} = {2ACB366C-AF0C-3B8F-A578-A5839C404E70}
	EndProjectSection
EndProject
Project("{8BC9CEB8-8B4A-11D0-8D11-00A0C91BC942}") = "cefsimple", "tests\cefsimple\cefsimple.vcxproj", "{6717EAA3-DECA-3F02-B4DD-EC8CA3557782}"
	ProjectSection(ProjectDependencies) = postProject
		{47C38907-F248-35EA-9BE4-9DE585802975} = {47C38907-F248-35EA-9BE4-9DE585802975}
		{2ACB366C-AF0C-3B8F-A578-A5839C404E70} = {2ACB366C-AF0C-3B8F-A578-A5839C404E70}
	EndProjectSection
EndProject
Project("{8BC9CEB8-8B4A-11D0-8D11-00A0C91BC942}") = "ceftests", "tests\ceftests\ceftests.vcxproj", "{3F488534-92D9-38C5-B09A-6A91168E029B}"
	ProjectSection(ProjectDependencies) = postProject
		{47C38907-F248-35EA-9BE4-9DE585802975} = {47C38907-F248-35EA-9BE4-9DE585802975}
		{1F9AD52C-A6C3-3649-8DA1-2B09FEFBE909} = {1F9AD52C-A6C3-3649-8DA1-2B09FEFBE909}
		{2ACB366C-AF0C-3B8F-A578-A5839C404E70} = {2ACB366C-AF0C-3B8F-A578-A5839C404E70}
	EndProjectSection
EndProject
Project("{8BC9CEB8-8B4A-11D0-8D11-00A0C91BC942}") = "libcef_dll_wrapper", "libcef_dll_wrapper\libcef_dll_wrapper.vcxproj", "{2ACB366C-AF0C-3B8F-A578-A5839C404E70}"
	ProjectSection(ProjectDependencies) = postProject
		{47C38907-F248-35EA-9BE4-9DE585802975} = {47C38907-F248-35EA-9BE4-9DE585802975}
	EndProjectSection
EndProject
Global
	GlobalSection(SolutionConfigurationPlatforms) = preSolution
		Debug|Win32 = Debug|Win32
		Release|Win32 = Release|Win32
	EndGlobalSection
	GlobalSection(ProjectConfigurationPlatforms) = postSolution
		{BF18AF3D-FCAD-36E0-8A9B-A2BE77C33C33}.Debug|Win32.ActiveCfg = Debug|Win32
		{BF18AF3D-FCAD-36E0-8A9B-A2BE77C33C33}.Release|Win32.ActiveCfg = Release|Win32
		{47C38907-F248-35EA-9BE4-9DE585802975}.Debug|Win32.ActiveCfg = Debug|Win32
		{47C38907-F248-35EA-9BE4-9DE585802975}.Debug|Win32.Build.0 = Debug|Win32
		{47C38907-F248-35EA-9BE4-9DE585802975}.Release|Win32.ActiveCfg = Release|Win32
		{47C38907-F248-35EA-9BE4-9DE585802975}.Release|Win32.Build.0 = Release|Win32
		{1F9AD52C-A6C3-3649-8DA1-2B09FEFBE909}.Debug|Win32.ActiveCfg = Debug|Win32
		{1F9AD52C-A6C3-3649-8DA1-2B09FEFBE909}.Debug|Win32.Build.0 = Debug|Win32
		{1F9AD52C-A6C3-3649-8DA1-2B09FEFBE909}.Release|Win32.ActiveCfg = Release|Win32
		{1F9AD52C-A6C3-3649-8DA1-2B09FEFBE909}.Release|Win32.Build.0 = Release|Win32
		{9E796527-05AE-3E4A-8EF8-079FEA952F14}.Debug|Win32.ActiveCfg = Debug|Win32
		{9E796527-05AE-3E4A-8EF8-079FEA952F14}.Debug|Win32.Build.0 = Debug|Win32
		{9E796527-05AE-3E4A-8EF8-079FEA952F14}.Release|Win32.ActiveCfg = Release|Win32
		{9E796527-05AE-3E4A-8EF8-079FEA952F14}.Release|Win32.Build.0 = Release|Win32
		{6717EAA3-DECA-3F02-B4DD-EC8CA3557782}.Debug|Win32.ActiveCfg = Debug|Win32
		{6717EAA3-DECA-3F02-B4DD-EC8CA3557782}.Debug|Win32.Build.0 = Debug|Win32
		{6717EAA3-DECA-3F02-B4DD-EC8CA3557782}.Release|Win32.ActiveCfg = Release|Win32
		{6717EAA3-DECA-3F02-B4DD-EC8CA3557782}.Release|Win32.Build.0 = Release|Win32
		{3F488534-92D9-38C5-B09A-6A91168E029B}.Debug|Win32.ActiveCfg = Debug|Win32
		{3F488534-92D9-38C5-B09A-6A91168E029B}.Debug|Win32.Build.0 = Debug|Win32
		{3F488534-92D9-38C5-B09A-6A91168E029B}.Release|Win32.ActiveCfg = Release|Win32
		{3F488534-92D9-38C5-B09A-6A91168E029B}.Release|Win32.Build.0 = Release|Win32
		{2ACB366C-AF0C-3B8F-A578-A5839C404E70}.Debug|Win32.ActiveCfg = Debug|Win32
		{2ACB366C-AF0C-3B8F-A578-A5839C404E70}.Debug|Win32.Build.0 = Debug|Win32
		{2ACB366C-AF0C-3B8F-A578-A5839C404E70}.Release|Win32.ActiveCfg = Release|Win32
		{2ACB366C-AF0C-3B8F-A578-A5839C404E70}.Release|Win32.Build.0 = Release|Win32
	EndGlobalSection
	GlobalSection(ExtensibilityGlobals) = postSolution
		SolutionGuid = {54A9702C-EBFE-3F39-896D-ABBF708B8B25}
	EndGlobalSection
	GlobalSection(ExtensibilityAddIns) = postSolution
	EndGlobalSection
EndGlobal
